
Microsoft Visual Studio Solution File, Format Version 12.00
# Visual Studio Version 17
VisualStudioVersion = 17.2.32616.157
MinimumVisualStudioVersion = 10.0.40219.1
Project("{9A19103F-16F7-4668-BE54-9A1E7A4F7556}") = "TicketBookingSystem.Web", "TicketBookingSystem.Web\TicketBookingSystem.Web.csproj", "{A71A189A-E53A-4CCD-ADD2-2050166CEB64}"
EndProject
Project("{FAE04EC0-301F-11D3-BF4B-00C04F79EFBC}") = "TicketBookingSystem.Infrastructure", "TicketBookingSystem.Infrastructure\TicketBookingSystem.Infrastructure.csproj", "{4B1BDE45-0D38-4908-8250-0D419D73583E}"
EndProject
Global
	GlobalSection(SolutionConfigurationPlatforms) = preSolution
		Debug|Any CPU = Debug|Any CPU
		Release|Any CPU = Release|Any CPU
	EndGlobalSection
	GlobalSection(ProjectConfigurationPlatforms) = postSolution
		{A71A189A-E53A-4CCD-ADD2-2050166CEB64}.Debug|Any CPU.ActiveCfg = Debug|Any CPU
		{A71A189A-E53A-4CCD-ADD2-2050166CEB64}.Debug|Any CPU.Build.0 = Debug|Any CPU
		{A71A189A-E53A-4CCD-ADD2-2050166CEB64}.Release|Any CPU.ActiveCfg = Release|Any CPU
		{A71A189A-E53A-4CCD-ADD2-2050166CEB64}.Release|Any CPU.Build.0 = Release|Any CPU
		{4B1BDE45-0D38-4908-8250-0D419D73583E}.Debug|Any CPU.ActiveCfg = Debug|Any CPU
		{4B1BDE45-0D38-4908-8250-0D419D73583E}.Debug|Any CPU.Build.0 = Debug|Any CPU
		{4B1BDE45-0D38-4908-8250-0D419D73583E}.Release|Any CPU.ActiveCfg = Release|Any CPU
		{4B1BDE45-0D38-4908-8250-0D419D73583E}.Release|Any CPU.Build.0 = Release|Any CPU
	EndGlobalSection
	GlobalSection(SolutionProperties) = preSolution
		HideSolutionNode = FALSE
	EndGlobalSection
	GlobalSection(ExtensibilityGlobals) = postSolution
		SolutionGuid = {70B7AC6C-3292-4C3F-8CC4-38387D47EA86}
	EndGlobalSection
EndGlobal
